// !$*UTF8*$!
{
	archiveVersion = 1;
	classes = {
	};
	objectVersion = 46;
	objects = {

/* Begin PBXBuildFile section */
		70879B361EA5B50C008F9A02 /* AppDelegate.swift in Sources */ = {isa = PBXBuildFile; fileRef = 70879B351EA5B50C008F9A02 /* AppDelegate.swift */; };
		70879B381EA5B50C008F9A02 /* ViewController.swift in Sources */ = {isa = PBXBuildFile; fileRef = 70879B371EA5B50C008F9A02 /* ViewController.swift */; };
		70879B3B1EA5B50C008F9A02 /* Main.storyboard in Resources */ = {isa = PBXBuildFile; fileRef = 70879B391EA5B50C008F9A02 /* Main.storyboard */; };
		70879B3D1EA5B50C008F9A02 /* Assets.xcassets in Resources */ = {isa = PBXBuildFile; fileRef = 70879B3C1EA5B50C008F9A02 /* Assets.xcassets */; };
		70879B401EA5B50C008F9A02 /* LaunchScreen.storyboard in Resources */ = {isa = PBXBuildFile; fileRef = 70879B3E1EA5B50C008F9A02 /* LaunchScreen.storyboard */; };
		70879B4B1EA5B50C008F9A02 /* SoolyWBTests.swift in Sources */ = {isa = PBXBuildFile; fileRef = 70879B4A1EA5B50C008F9A02 /* SoolyWBTests.swift */; };
		70879B561EA5B50C008F9A02 /* SoolyWBUITests.swift in Sources */ = {isa = PBXBuildFile; fileRef = 70879B551EA5B50C008F9A02 /* SoolyWBUITests.swift */; };
/* End PBXBuildFile section */

/* Begin PBXContainerItemProxy section */
		70879B471EA5B50C008F9A02 /* PBXContainerItemProxy */ = {
			isa = PBXContainerItemProxy;
			containerPortal = 70879B2A1EA5B50C008F9A02 /* Project object */;
			proxyType = 1;
			remoteGlobalIDString = 70879B311EA5B50C008F9A02;
			remoteInfo = SoolyWB;
		};
		70879B521EA5B50C008F9A02 /* PBXContainerItemProxy */ = {
			isa = PBXContainerItemProxy;
			containerPortal = 70879B2A1EA5B50C008F9A02 /* Project object */;
			proxyType = 1;
			remoteGlobalIDString = 70879B311EA5B50C008F9A02;
			remoteInfo = SoolyWB;
		};
/* End PBXContainerItemProxy section */

/* Begin PBXFileReference section */
		70879B321EA5B50C008F9A02 /* SoolyWB.app */ = {isa = PBXFileReference; explicitFileType = wrapper.application; includeInIndex = 0; path = SoolyWB.app; sourceTree = BUILT_PRODUCTS_DIR; };
		70879B351EA5B50C008F9A02 /* AppDelegate.swift */ = {isa = PBXFileReference; lastKnownFileType = sourcecode.swift; path = AppDelegate.swift; sourceTree = "<group>"; };
		70879B371EA5B50C008F9A02 /* ViewController.swift */ = {isa = PBXFileReference; lastKnownFileType = sourcecode.swift; path = ViewController.swift; sourceTree = "<group>"; };
		70879B3A1EA5B50C008F9A02 /* Base */ = {isa = PBXFileReference; lastKnownFileType = file.storyboard; name = Base; path = Base.lproj/Main.storyboard; sourceTree = "<group>"; };
		70879B3C1EA5B50C008F9A02 /* Assets.xcassets */ = {isa = PBXFileReference; lastKnownFileType = folder.assetcatalog; path = Assets.xcassets; sourceTree = "<group>"; };
		70879B3F1EA5B50C008F9A02 /* Base */ = {isa = PBXFileReference; lastKnownFileType = file.storyboard; name = Base; path = Base.lproj/LaunchScreen.storyboard; sourceTree = "<group>"; };
		70879B411EA5B50C008F9A02 /* Info.plist */ = {isa = PBXFileReference; lastKnownFileType = text.plist.xml; path = Info.plist; sourceTree = "<group>"; };
		70879B461EA5B50C008F9A02 /* SoolyWBTests.xctest */ = {isa = PBXFileReference; explicitFileType = wrapper.cfbundle; includeInIndex = 0; path = SoolyWBTests.xctest; sourceTree = BUILT_PRODUCTS_DIR; };
		70879B4A1EA5B50C008F9A02 /* SoolyWBTests.swift */ = {isa = PBXFileReference; lastKnownFileType = sourcecode.swift; path = SoolyWBTests.swift; sourceTree = "<group>"; };
		70879B4C1EA5B50C008F9A02 /* Info.plist */ = {isa = PBXFileReference; lastKnownFileType = text.plist.xml; path = Info.plist; sourceTree = "<group>"; };
		70879B511EA5B50C008F9A02 /* SoolyWBUITests.xctest */ = {isa = PBXFileReference; explicitFileType = wrapper.cfbundle; includeInIndex = 0; path = SoolyWBUITests.xctest; sourceTree = BUILT_PRODUCTS_DIR; };
		70879B551EA5B50C008F9A02 /* SoolyWBUITests.swift */ = {isa = PBXFileReference; lastKnownFileType = sourcecode.swift; path = SoolyWBUITests.swift; sourceTree = "<group>"; };
		70879B571EA5B50D008F9A02 /* Info.plist */ = {isa = PBXFileReference; lastKnownFileType = text.plist.xml; path = Info.plist; sourceTree = "<group>"; };
/* End PBXFileReference section */

/* Begin PBXFrameworksBuildPhase section */
		70879B2F1EA5B50C008F9A02 /* Frameworks */ = {
			isa = PBXFrameworksBuildPhase;
			buildActionMask = 2147483647;
			files = (
			);
			runOnlyForDeploymentPostprocessing = 0;
		};
		70879B431EA5B50C008F9A02 /* Frameworks */ = {
			isa = PBXFrameworksBuildPhase;
			buildActionMask = 2147483647;
			files = (
			);
			runOnlyForDeploymentPostprocessing = 0;
		};
		70879B4E1EA5B50C008F9A02 /* Frameworks */ = {
			isa = PBXFrameworksBuildPhase;
			buildActionMask = 2147483647;
			files = (
			);
			runOnlyForDeploymentPostprocessing = 0;
		};
/* End PBXFrameworksBuildPhase section */

/* Begin PBXGroup section */
		70879B291EA5B50C008F9A02 = {
			isa = PBXGroup;
			children = (
				70879B341EA5B50C008F9A02 /* SoolyWB */,
				70879B491EA5B50C008F9A02 /* SoolyWBTests */,
				70879B541EA5B50C008F9A02 /* SoolyWBUITests */,
				70879B331EA5B50C008F9A02 /* Products */,
			);
			sourceTree = "<group>";
		};
		70879B331EA5B50C008F9A02 /* Products */ = {
			isa = PBXGroup;
			children = (
				70879B321EA5B50C008F9A02 /* SoolyWB.app */,
				70879B461EA5B50C008F9A02 /* SoolyWBTests.xctest */,
				70879B511EA5B50C008F9A02 /* SoolyWBUITests.xctest */,
			);
			name = Products;
			sourceTree = "<group>";
		};
		70879B341EA5B50C008F9A02 /* SoolyWB */ = {
			isa = PBXGroup;
			children = (
				70879B351EA5B50C008F9A02 /* AppDelegate.swift */,
				70879B371EA5B50C008F9A02 /* ViewController.swift */,
				70879B391EA5B50C008F9A02 /* Main.storyboard */,
				70879B3C1EA5B50C008F9A02 /* Assets.xcassets */,
				70879B3E1EA5B50C008F9A02 /* LaunchScreen.storyboard */,
				70879B411EA5B50C008F9A02 /* Info.plist */,
			);
			path = SoolyWB;
			sourceTree = "<group>";
		};
		70879B491EA5B50C008F9A02 /* SoolyWBTests */ = {
			isa = PBXGroup;
			children = (
				70879B4A1EA5B50C008F9A02 /* SoolyWBTests.swift */,
				70879B4C1EA5B50C008F9A02 /* Info.plist */,
			);
			path = SoolyWBTests;
			sourceTree = "<group>";
		};
		70879B541EA5B50C008F9A02 /* SoolyWBUITests */ = {
			isa = PBXGroup;
			children = (
				70879B551EA5B50C008F9A02 /* SoolyWBUITests.swift */,
				70879B571EA5B50D008F9A02 /* Info.plist */,
			);
			path = SoolyWBUITests;
			sourceTree = "<group>";
		};
/* End PBXGroup section */

/* Begin PBXNativeTarget section */
		70879B311EA5B50C008F9A02 /* SoolyWB */ = {
			isa = PBXNativeTarget;
			buildConfigurationList = 70879B5A1EA5B50D008F9A02 /* Build configuration list for PBXNativeTarget "SoolyWB" */;
			buildPhases = (
				70879B2E1EA5B50C008F9A02 /* Sources */,
				70879B2F1EA5B50C008F9A02 /* Frameworks */,
				70879B301EA5B50C008F9A02 /* Resources */,
			);
			buildRules = (
			);
			dependencies = (
			);
			name = SoolyWB;
			productName = SoolyWB;
			productReference = 70879B321EA5B50C008F9A02 /* SoolyWB.app */;
			productType = "com.apple.product-type.application";
		};
		70879B451EA5B50C008F9A02 /* SoolyWBTests */ = {
			isa = PBXNativeTarget;
			buildConfigurationList = 70879B5D1EA5B50D008F9A02 /* Build configuration list for PBXNativeTarget "SoolyWBTests" */;
			buildPhases = (
				70879B421EA5B50C008F9A02 /* Sources */,
				70879B431EA5B50C008F9A02 /* Frameworks */,
				70879B441EA5B50C008F9A02 /* Resources */,
			);
			buildRules = (
			);
			dependencies = (
				70879B481EA5B50C008F9A02 /* PBXTargetDependency */,
			);
			name = SoolyWBTests;
			productName = SoolyWBTests;
			productReference = 70879B461EA5B50C008F9A02 /* SoolyWBTests.xctest */;
			productType = "com.apple.product-type.bundle.unit-test";
		};
		70879B501EA5B50C008F9A02 /* SoolyWBUITests */ = {
			isa = PBXNativeTarget;
			buildConfigurationList = 70879B601EA5B50D008F9A02 /* Build configuration list for PBXNativeTarget "SoolyWBUITests" */;
			buildPhases = (
				70879B4D1EA5B50C008F9A02 /* Sources */,
				70879B4E1EA5B50C008F9A02 /* Frameworks */,
				70879B4F1EA5B50C008F9A02 /* Resources */,
			);
			buildRules = (
			);
			dependencies = (
				70879B531EA5B50C008F9A02 /* PBXTargetDependency */,
			);
			name = SoolyWBUITests;
			productName = SoolyWBUITests;
			productReference = 70879B511EA5B50C008F9A02 /* SoolyWBUITests.xctest */;
			productType = "com.apple.product-type.bundle.ui-testing";
		};
/* End PBXNativeTarget section */

/* Begin PBXProject section */
		70879B2A1EA5B50C008F9A02 /* Project object */ = {
			isa = PBXProject;
			attributes = {
				LastSwiftUpdateCheck = 0830;
				LastUpgradeCheck = 0830;
				ORGANIZATIONNAME = SoolyChristina;
				TargetAttributes = {
					70879B311EA5B50C008F9A02 = {
						CreatedOnToolsVersion = 8.3.1;
						DevelopmentTeam = 7523YW79F8;
						ProvisioningStyle = Automatic;
					};
					70879B451EA5B50C008F9A02 = {
						CreatedOnToolsVersion = 8.3.1;
						DevelopmentTeam = 7523YW79F8;
						ProvisioningStyle = Automatic;
						TestTargetID = 70879B311EA5B50C008F9A02;
					};
					70879B501EA5B50C008F9A02 = {
						CreatedOnToolsVersion = 8.3.1;
						DevelopmentTeam = 7523YW79F8;
						ProvisioningStyle = Automatic;
						TestTargetID = 70879B311EA5B50C008F9A02;
					};
				};
			};
			buildConfigurationList = 70879B2D1EA5B50C008F9A02 /* Build configuration list for PBXProject "SoolyWB" */;
			compatibilityVersion = "Xcode 3.2";
			developmentRegion = English;
			hasScannedForEncodings = 0;
			knownRegions = (
				en,
				Base,
			);
			mainGroup = 70879B291EA5B50C008F9A02;
			productRefGroup = 70879B331EA5B50C008F9A02 /* Products */;
			projectDirPath = "";
			projectRoot = "";
			targets = (
				70879B311EA5B50C008F9A02 /* SoolyWB */,
				70879B451EA5B50C008F9A02 /* SoolyWBTests */,
				70879B501EA5B50C008F9A02 /* SoolyWBUITests */,
			);
		};
/* End PBXProject section */

/* Begin PBXResourcesBuildPhase section */
		70879B301EA5B50C008F9A02 /* Resources */ = {
			isa = PBXResourcesBuildPhase;
			buildActionMask = 2147483647;
			files = (
				70879B401EA5B50C008F9A02 /* LaunchScreen.storyboard in Resources */,
				70879B3D1EA5B50C008F9A02 /* Assets.xcassets in Resources */,
				70879B3B1EA5B50C008F9A02 /* Main.storyboard in Resources */,
			);
			runOnlyForDeploymentPostprocessing = 0;
		};
		70879B441EA5B50C008F9A02 /* Resources */ = {
			isa = PBXResourcesBuildPhase;
			buildActionMask = 2147483647;
			files = (
			);
			runOnlyForDeploymentPostprocessing = 0;
		};
		70879B4F1EA5B50C008F9A02 /* Resources */ = {
			isa = PBXResourcesBuildPhase;
			buildActionMask = 2147483647;
			files = (
			);
			runOnlyForDeploymentPostprocessing = 0;
		};
/* End PBXResourcesBuildPhase section */

/* Begin PBXSourcesBuildPhase section */
		70879B2E1EA5B50C008F9A02 /* Sources */ = {
			isa = PBXSourcesBuildPhase;
			buildActionMask = 2147483647;
			files = (
				70879B381EA5B50C008F9A02 /* ViewController.swift in Sources */,
				70879B361EA5B50C008F9A02 /* AppDelegate.swift in Sources */,
			);
			runOnlyForDeploymentPostprocessing = 0;
		};
		70879B421EA5B50C008F9A02 /* Sources */ = {
			isa = PBXSourcesBuildPhase;
			buildActionMask = 2147483647;
			files = (
				70879B4B1EA5B50C008F9A02 /* SoolyWBTests.swift in Sources */,
			);
			runOnlyForDeploymentPostprocessing = 0;
		};
		70879B4D1EA5B50C008F9A02 /* Sources */ = {
			isa = PBXSourcesBuildPhase;
			buildActionMask = 2147483647;
			files = (
				70879B561EA5B50C008F9A02 /* SoolyWBUITests.swift in Sources */,
			);
			runOnlyForDeploymentPostprocessing = 0;
		};
/* End PBXSourcesBuildPhase section */

/* Begin PBXTargetDependency section */
		70879B481EA5B50C008F9A02 /* PBXTargetDependency */ = {
			isa = PBXTargetDependency;
			target = 70879B311EA5B50C008F9A02 /* SoolyWB */;
			targetProxy = 70879B471EA5B50C008F9A02 /* PBXContainerItemProxy */;
		};
		70879B531EA5B50C008F9A02 /* PBXTargetDependency */ = {
			isa = PBXTargetDependency;
			target = 70879B311EA5B50C008F9A02 /* SoolyWB */;
			targetProxy = 70879B521EA5B50C008F9A02 /* PBXContainerItemProxy */;
		};
/* End PBXTargetDependency section */

/* Begin PBXVariantGroup section */
		70879B391EA5B50C008F9A02 /* Main.storyboard */ = {
			isa = PBXVariantGroup;
			children = (
				70879B3A1EA5B50C008F9A02 /* Base */,
			);
			name = Main.storyboard;
			sourceTree = "<group>";
		};
		70879B3E1EA5B50C008F9A02 /* LaunchScreen.storyboard */ = {
			isa = PBXVariantGroup;
			children = (
				70879B3F1EA5B50C008F9A02 /* Base */,
			);
			name = LaunchScreen.storyboard;
			sourceTree = "<group>";
		};
/* End PBXVariantGroup section */

/* Begin XCBuildConfiguration section */
		70879B581EA5B50D008F9A02 /* Debug */ = {
			isa = XCBuildConfiguration;
			buildSettings = {
				ALWAYS_SEARCH_USER_PATHS = NO;
				CLANG_ANALYZER_NONNULL = YES;
				CLANG_ANALYZER_NUMBER_OBJECT_CONVERSION = YES_AGGRESSIVE;
				CLANG_CXX_LANGUAGE_STANDARD = "gnu++0x";
				CLANG_CXX_LIBRARY = "libc++";
				CLANG_ENABLE_MODULES = YES;
				CLANG_ENABLE_OBJC_ARC = YES;
				CLANG_WARN_BOOL_CONVERSION = YES;
				CLANG_WARN_CONSTANT_CONVERSION = YES;
				CLANG_WARN_DIRECT_OBJC_ISA_USAGE = YES_ERROR;
				CLANG_WARN_DOCUMENTATION_COMMENTS = YES;
				CLANG_WARN_EMPTY_BODY = YES;
				CLANG_WARN_ENUM_CONVERSION = YES;
				CLANG_WARN_INFINITE_RECURSION = YES;
				CLANG_WARN_INT_CONVERSION = YES;
				CLANG_WARN_OBJC_ROOT_CLASS = YES_ERROR;
				CLANG_WARN_SUSPICIOUS_MOVE = YES;
				CLANG_WARN_UNREACHABLE_CODE = YES;
				CLANG_WARN__DUPLICATE_METHOD_MATCH = YES;
				"CODE_SIGN_IDENTITY[sdk=iphoneos*]" = "iPhone Developer";
				COPY_PHASE_STRIP = NO;
				DEBUG_INFORMATION_FORMAT = dwarf;
				ENABLE_STRICT_OBJC_MSGSEND = YES;
				ENABLE_TESTABILITY = YES;
				GCC_C_LANGUAGE_STANDARD = gnu99;
				GCC_DYNAMIC_NO_PIC = NO;
				GCC_NO_COMMON_BLOCKS = YES;
				GCC_OPTIMIZATION_LEVEL = 0;
				GCC_PREPROCESSOR_DEFINITIONS = (
					"DEBUG=1",
					"$(inherited)",
				);
				GCC_WARN_64_TO_32_BIT_CONVERSION = YES;
				GCC_WARN_ABOUT_RETURN_TYPE = YES_ERROR;
				GCC_WARN_UNDECLARED_SELECTOR = YES;
				GCC_WARN_UNINITIALIZED_AUTOS = YES_AGGRESSIVE;
				GCC_WARN_UNUSED_FUNCTION = YES;
				GCC_WARN_UNUSED_VARIABLE = YES;
				IPHONEOS_DEPLOYMENT_TARGET = 10.3;
				MTL_ENABLE_DEBUG_INFO = YES;
				ONLY_ACTIVE_ARCH = YES;
				SDKROOT = iphoneos;
				SWIFT_ACTIVE_COMPILATION_CONDITIONS = DEBUG;
				SWIFT_OPTIMIZATION_LEVEL = "-Onone";
				TARGETED_DEVICE_FAMILY = "1,2";
			};
			name = Debug;
		};
		70879B591EA5B50D008F9A02 /* Release */ = {
			isa = XCBuildConfiguration;
			buildSettings = {
				ALWAYS_SEARCH_USER_PATHS = NO;
				CLANG_ANALYZER_NONNULL = YES;
				CLANG_ANALYZER_NUMBER_OBJECT_CONVERSION = YES_AGGRESSIVE;
				CLANG_CXX_LANGUAGE_STANDARD = "gnu++0x";
				CLANG_CXX_LIBRARY = "libc++";
				CLANG_ENABLE_MODULES = YES;
				CLANG_ENABLE_OBJC_ARC = YES;
				CLANG_WARN_BOOL_CONVERSION = YES;
				CLANG_WARN_CONSTANT_CONVERSION = YES;
				CLANG_WARN_DIRECT_OBJC_ISA_USAGE = YES_ERROR;
				CLANG_WARN_DOCUMENTATION_COMMENTS = YES;
				CLANG_WARN_EMPTY_BODY = YES;
				CLANG_WARN_ENUM_CONVERSION = YES;
				CLANG_WARN_INFINITE_RECURSION = YES;
				CLANG_WARN_INT_CONVERSION = YES;
				CLANG_WARN_OBJC_ROOT_CLASS = YES_ERROR;
				CLANG_WARN_SUSPICIOUS_MOVE = YES;
				CLANG_WARN_UNREACHABLE_CODE = YES;
				CLANG_WARN__DUPLICATE_METHOD_MATCH = YES;
				"CODE_SIGN_IDENTITY[sdk=iphoneos*]" = "iPhone Developer";
				COPY_PHASE_STRIP = NO;
				DEBUG_INFORMATION_FORMAT = "dwarf-with-dsym";
				ENABLE_NS_ASSERTIONS = NO;
				ENABLE_STRICT_OBJC_MSGSEND = YES;
				GCC_C_LANGUAGE_STANDARD = gnu99;
				GCC_NO_COMMON_BLOCKS = YES;
				GCC_WARN_64_TO_32_BIT_CONVERSION = YES;
				GCC_WARN_ABOUT_RETURN_TYPE = YES_ERROR;
				GCC_WARN_UNDECLARED_SELECTOR = YES;
				GCC_WARN_UNINITIALIZED_AUTOS = YES_AGGRESSIVE;
				GCC_WARN_UNUSED_FUNCTION = YES;
				GCC_WARN_UNUSED_VARIABLE = YES;
				IPHONEOS_DEPLOYMENT_TARGET = 10.3;
				MTL_ENABLE_DEBUG_INFO = NO;
				SDKROOT = iphoneos;
				SWIFT_OPTIMIZATION_LEVEL = "-Owholemodule";
				TARGETED_DEVICE_FAMILY = "1,2";
				VALIDATE_PRODUCT = YES;
			};
			name = Release;
		};
		70879B5B1EA5B50D008F9A02 /* Debug */ = {
			isa = XCBuildConfiguration;
			buildSettings = {
				ASSETCATALOG_COMPILER_APPICON_NAME = AppIcon;
				DEVELOPMENT_TEAM = 7523YW79F8;
				INFOPLIST_FILE = SoolyWB/Info.plist;
				LD_RUNPATH_SEARCH_PATHS = "$(inherited) @executable_path/Frameworks";
				PRODUCT_BUNDLE_IDENTIFIER = Sooly.SoolyWB;
				PRODUCT_NAME = "$(TARGET_NAME)";
				SWIFT_VERSION = 3.0;
			};
			name = Debug;
		};
		70879B5C1EA5B50D008F9A02 /* Release */ = {
			isa = XCBuildConfiguration;
			buildSettings = {
				ASSETCATALOG_COMPILER_APPICON_NAME = AppIcon;
				DEVELOPMENT_TEAM = 7523YW79F8;
				INFOPLIST_FILE = SoolyWB/Info.plist;
				LD_RUNPATH_SEARCH_PATHS = "$(inherited) @executable_path/Frameworks";
				PRODUCT_BUNDLE_IDENTIFIER = Sooly.SoolyWB;
				PRODUCT_NAME = "$(TARGET_NAME)";
				SWIFT_VERSION = 3.0;
			};
			name = Release;
		};
		70879B5E1EA5B50D008F9A02 /* Debug */ = {
			isa = XCBuildConfiguration;
			buildSettings = {
				ALWAYS_EMBED_SWIFT_STANDARD_LIBRARIES = YES;
				BUNDLE_LOADER = "$(TEST_HOST)";
				DEVELOPMENT_TEAM = 7523YW79F8;
				INFOPLIST_FILE = SoolyWBTests/Info.plist;
				LD_RUNPATH_SEARCH_PATHS = "$(inherited) @executable_path/Frameworks @loader_path/Frameworks";
				PRODUCT_BUNDLE_IDENTIFIER = Sooly.SoolyWBTests;
				PRODUCT_NAME = "$(TARGET_NAME)";
				SWIFT_VERSION = 3.0;
				TEST_HOST = "$(BUILT_PRODUCTS_DIR)/SoolyWB.app/SoolyWB";
			};
			name = Debug;
		};
		70879B5F1EA5B50D008F9A02 /* Release */ = {
			isa = XCBuildConfiguration;
			buildSettings = {
				ALWAYS_EMBED_SWIFT_STANDARD_LIBRARIES = YES;
				BUNDLE_LOADER = "$(TEST_HOST)";
				DEVELOPMENT_TEAM = 7523YW79F8;
				INFOPLIST_FILE = SoolyWBTests/Info.plist;
				LD_RUNPATH_SEARCH_PATHS = "$(inherited) @executable_path/Frameworks @loader_path/Frameworks";
				PRODUCT_BUNDLE_IDENTIFIER = Sooly.SoolyWBTests;
				PRODUCT_NAME = "$(TARGET_NAME)";
				SWIFT_VERSION = 3.0;
				TEST_HOST = "$(BUILT_PRODUCTS_DIR)/SoolyWB.app/SoolyWB";
			};
			name = Release;
		};
		70879B611EA5B50D008F9A02 /* Debug */ = {
			isa = XCBuildConfiguration;
			buildSettings = {
				ALWAYS_EMBED_SWIFT_STANDARD_LIBRARIES = YES;
				DEVELOPMENT_TEAM = 7523YW79F8;
				INFOPLIST_FILE = SoolyWBUITests/Info.plist;
				LD_RUNPATH_SEARCH_PATHS = "$(inherited) @executable_path/Frameworks @loader_path/Frameworks";
				PRODUCT_BUNDLE_IDENTIFIER = Sooly.SoolyWBUITests;
				PRODUCT_NAME = "$(TARGET_NAME)";
				SWIFT_VERSION = 3.0;
				TEST_TARGET_NAME = SoolyWB;
			};
			name = Debug;
		};
		70879B621EA5B50D008F9A02 /* Release */ = {
			isa = XCBuildConfiguration;
			buildSettings = {
				ALWAYS_EMBED_SWIFT_STANDARD_LIBRARIES = YES;
				DEVELOPMENT_TEAM = 7523YW79F8;
				INFOPLIST_FILE = SoolyWBUITests/Info.plist;
				LD_RUNPATH_SEARCH_PATHS = "$(inherited) @executable_path/Frameworks @loader_path/Frameworks";
				PRODUCT_BUNDLE_IDENTIFIER = Sooly.SoolyWBUITests;
				PRODUCT_NAME = "$(TARGET_NAME)";
				SWIFT_VERSION = 3.0;
				TEST_TARGET_NAME = SoolyWB;
			};
			name = Release;
		};
/* End XCBuildConfiguration section */

/* Begin XCConfigurationList section */
		70879B2D1EA5B50C008F9A02 /* Build configuration list for PBXProject "SoolyWB" */ = {
			isa = XCConfigurationList;
			buildConfigurations = (
				70879B581EA5B50D008F9A02 /* Debug */,
				70879B591EA5B50D008F9A02 /* Release */,
			);
			defaultConfigurationIsVisible = 0;
			defaultConfigurationName = Release;
		};
		70879B5A1EA5B50D008F9A02 /* Build configuration list for PBXNativeTarget "SoolyWB" */ = {
			isa = XCConfigurationList;
			buildConfigurations = (
				70879B5B1EA5B50D008F9A02 /* Debug */,
				70879B5C1EA5B50D008F9A02 /* Release */,
			);
			defaultConfigurationIsVisible = 0;
		};
		70879B5D1EA5B50D008F9A02 /* Build configuration list for PBXNativeTarget "SoolyWBTests" */ = {
			isa = XCConfigurationList;
			buildConfigurations = (
				70879B5E1EA5B50D008F9A02 /* Debug */,
				70879B5F1EA5B50D008F9A02 /* Release */,
			);
			defaultConfigurationIsVisible = 0;
		};
		70879B601EA5B50D008F9A02 /* Build configuration list for PBXNativeTarget "SoolyWBUITests" */ = {
			isa = XCConfigurationList;
			buildConfigurations = (
				70879B611EA5B50D008F9A02 /* Debug */,
				70879B621EA5B50D008F9A02 /* Release */,
			);
			defaultConfigurationIsVisible = 0;
		};
/* End XCConfigurationList section */
	};
	rootObject = 70879B2A1EA5B50C008F9A02 /* Project object */;
}
