// !$*UTF8*$!
{
	archiveVersion = 1;
	classes = {
	};
	objectVersion = 46;
	objects = {

/* Begin PBXBuildFile section */
		6F9EF40505D5185FA2AC64BB /* Pods_SoolyWBUITests.framework in Frameworks */ = {isa = PBXBuildFile; fileRef = 1D67B68B25221059B7D5FE21 /* Pods_SoolyWBUITests.framework */; };
		7010F3941EA88A0C002CD908 /* PullUpView.swift in Sources */ = {isa = PBXBuildFile; fileRef = 7010F3931EA88A0C002CD908 /* PullUpView.swift */; };
		7010F3961EA88A19002CD908 /* PullUpView.xib in Resources */ = {isa = PBXBuildFile; fileRef = 7010F3951EA88A19002CD908 /* PullUpView.xib */; };
		7010F39A1EA89577002CD908 /* StatusTableViewCell.swift in Sources */ = {isa = PBXBuildFile; fileRef = 7010F3981EA89577002CD908 /* StatusTableViewCell.swift */; };
		7010F39B1EA89577002CD908 /* StatusTableViewCell.xib in Resources */ = {isa = PBXBuildFile; fileRef = 7010F3991EA89577002CD908 /* StatusTableViewCell.xib */; };
		7010F39E1EA8A317002CD908 /* WBStatusViewModel.swift in Sources */ = {isa = PBXBuildFile; fileRef = 7010F39D1EA8A317002CD908 /* WBStatusViewModel.swift */; };
		7010F3A11EA8E87C002CD908 /* UIImageView+WebImage.swift in Sources */ = {isa = PBXBuildFile; fileRef = 7010F3A01EA8E87C002CD908 /* UIImageView+WebImage.swift */; };
		7010F3A31EA8E88F002CD908 /* Kingfisher.framework in Frameworks */ = {isa = PBXBuildFile; fileRef = 7010F3A21EA8E88F002CD908 /* Kingfisher.framework */; };
		7010F3A51EA8EE4B002CD908 /* UIColor+HexString.swift in Sources */ = {isa = PBXBuildFile; fileRef = 7010F3A41EA8EE4B002CD908 /* UIColor+HexString.swift */; };
		70879B361EA5B50C008F9A02 /* AppDelegate.swift in Sources */ = {isa = PBXBuildFile; fileRef = 70879B351EA5B50C008F9A02 /* AppDelegate.swift */; };
		70879B3B1EA5B50C008F9A02 /* Main.storyboard in Resources */ = {isa = PBXBuildFile; fileRef = 70879B391EA5B50C008F9A02 /* Main.storyboard */; };
		70879B3D1EA5B50C008F9A02 /* Assets.xcassets in Resources */ = {isa = PBXBuildFile; fileRef = 70879B3C1EA5B50C008F9A02 /* Assets.xcassets */; };
		70879B401EA5B50C008F9A02 /* LaunchScreen.storyboard in Resources */ = {isa = PBXBuildFile; fileRef = 70879B3E1EA5B50C008F9A02 /* LaunchScreen.storyboard */; };
		70879B4B1EA5B50C008F9A02 /* SoolyWBTests.swift in Sources */ = {isa = PBXBuildFile; fileRef = 70879B4A1EA5B50C008F9A02 /* SoolyWBTests.swift */; };
		70879B561EA5B50C008F9A02 /* SoolyWBUITests.swift in Sources */ = {isa = PBXBuildFile; fileRef = 70879B551EA5B50C008F9A02 /* SoolyWBUITests.swift */; };
		70879B661EA5C8B3008F9A02 /* ESTabBarController_swift.framework in Frameworks */ = {isa = PBXBuildFile; fileRef = 70879B651EA5C8B3008F9A02 /* ESTabBarController_swift.framework */; };
		70879B7E1EA5E0AD008F9A02 /* BasicViewController.swift in Sources */ = {isa = PBXBuildFile; fileRef = 70879B7A1EA5E0AD008F9A02 /* BasicViewController.swift */; };
		70879B7F1EA5E0AD008F9A02 /* MainViewController.swift in Sources */ = {isa = PBXBuildFile; fileRef = 70879B7B1EA5E0AD008F9A02 /* MainViewController.swift */; };
		70879B801EA5E0AD008F9A02 /* WBNavigationController.swift in Sources */ = {isa = PBXBuildFile; fileRef = 70879B7C1EA5E0AD008F9A02 /* WBNavigationController.swift */; };
		70879B811EA5E0AD008F9A02 /* WBTabBarItemContentView.swift in Sources */ = {isa = PBXBuildFile; fileRef = 70879B7D1EA5E0AD008F9A02 /* WBTabBarItemContentView.swift */; };
		70879B8D1EA61B40008F9A02 /* Alamofire.framework in Frameworks */ = {isa = PBXBuildFile; fileRef = 70879B8C1EA61B40008F9A02 /* Alamofire.framework */; };
		70879B921EA61CD5008F9A02 /* HomeViewController.swift in Sources */ = {isa = PBXBuildFile; fileRef = 70879B911EA61CD5008F9A02 /* HomeViewController.swift */; };
		70879B991EA61D1A008F9A02 /* NetWorkManager.swift in Sources */ = {isa = PBXBuildFile; fileRef = 70879B981EA61D1A008F9A02 /* NetWorkManager.swift */; };
		70879B9C1EA61D7F008F9A02 /* Header.swift in Sources */ = {isa = PBXBuildFile; fileRef = 70879B9B1EA61D7F008F9A02 /* Header.swift */; };
		70879B9E1EA61EE2008F9A02 /* LoginViewController.swift in Sources */ = {isa = PBXBuildFile; fileRef = 70879B9D1EA61EE2008F9A02 /* LoginViewController.swift */; };
		70879BA01EA640E4008F9A02 /* WBUserAccount.swift in Sources */ = {isa = PBXBuildFile; fileRef = 70879B9F1EA640E4008F9A02 /* WBUserAccount.swift */; };
		70A4E6EA1EA65BB600CF9E74 /* WBStatus.swift in Sources */ = {isa = PBXBuildFile; fileRef = 70A4E6E91EA65BB600CF9E74 /* WBStatus.swift */; };
		D915DF9E8138604855B3762C /* Pods_SoolyWBTests.framework in Frameworks */ = {isa = PBXBuildFile; fileRef = 863261F819D4D403EFEC9BE7 /* Pods_SoolyWBTests.framework */; };
		E768E3A642308D056FB18867 /* Pods_SoolyWB.framework in Frameworks */ = {isa = PBXBuildFile; fileRef = 9F7E5CADC7C951B15D25E317 /* Pods_SoolyWB.framework */; };
/* End PBXBuildFile section */

/* Begin PBXContainerItemProxy section */
		70879B471EA5B50C008F9A02 /* PBXContainerItemProxy */ = {
			isa = PBXContainerItemProxy;
			containerPortal = 70879B2A1EA5B50C008F9A02 /* Project object */;
			proxyType = 1;
			remoteGlobalIDString = 70879B311EA5B50C008F9A02;
			remoteInfo = SoolyWB;
		};
		70879B521EA5B50C008F9A02 /* PBXContainerItemProxy */ = {
			isa = PBXContainerItemProxy;
			containerPortal = 70879B2A1EA5B50C008F9A02 /* Project object */;
			proxyType = 1;
			remoteGlobalIDString = 70879B311EA5B50C008F9A02;
			remoteInfo = SoolyWB;
		};
/* End PBXContainerItemProxy section */

/* Begin PBXFileReference section */
		0CFBF8DC40474B544B23BFA4 /* Pods-SoolyWB.release.xcconfig */ = {isa = PBXFileReference; includeInIndex = 1; lastKnownFileType = text.xcconfig; name = "Pods-SoolyWB.release.xcconfig"; path = "Pods/Target Support Files/Pods-SoolyWB/Pods-SoolyWB.release.xcconfig"; sourceTree = "<group>"; };
		1D67B68B25221059B7D5FE21 /* Pods_SoolyWBUITests.framework */ = {isa = PBXFileReference; explicitFileType = wrapper.framework; includeInIndex = 0; path = Pods_SoolyWBUITests.framework; sourceTree = BUILT_PRODUCTS_DIR; };
		22CA91AA57FA3D4B530EB232 /* Pods-SoolyWBUITests.debug.xcconfig */ = {isa = PBXFileReference; includeInIndex = 1; lastKnownFileType = text.xcconfig; name = "Pods-SoolyWBUITests.debug.xcconfig"; path = "Pods/Target Support Files/Pods-SoolyWBUITests/Pods-SoolyWBUITests.debug.xcconfig"; sourceTree = "<group>"; };
		37490CCB9E1E06A1CAAB640C /* Pods-SoolyWBTests.debug.xcconfig */ = {isa = PBXFileReference; includeInIndex = 1; lastKnownFileType = text.xcconfig; name = "Pods-SoolyWBTests.debug.xcconfig"; path = "Pods/Target Support Files/Pods-SoolyWBTests/Pods-SoolyWBTests.debug.xcconfig"; sourceTree = "<group>"; };
		38AB30E31D53F1860EB58E96 /* Pods-SoolyWB.debug.xcconfig */ = {isa = PBXFileReference; includeInIndex = 1; lastKnownFileType = text.xcconfig; name = "Pods-SoolyWB.debug.xcconfig"; path = "Pods/Target Support Files/Pods-SoolyWB/Pods-SoolyWB.debug.xcconfig"; sourceTree = "<group>"; };
		7010F3931EA88A0C002CD908 /* PullUpView.swift */ = {isa = PBXFileReference; fileEncoding = 4; lastKnownFileType = sourcecode.swift; path = PullUpView.swift; sourceTree = "<group>"; };
		7010F3951EA88A19002CD908 /* PullUpView.xib */ = {isa = PBXFileReference; fileEncoding = 4; lastKnownFileType = file.xib; path = PullUpView.xib; sourceTree = "<group>"; };
		7010F3981EA89577002CD908 /* StatusTableViewCell.swift */ = {isa = PBXFileReference; fileEncoding = 4; lastKnownFileType = sourcecode.swift; path = StatusTableViewCell.swift; sourceTree = "<group>"; };
		7010F3991EA89577002CD908 /* StatusTableViewCell.xib */ = {isa = PBXFileReference; fileEncoding = 4; lastKnownFileType = file.xib; path = StatusTableViewCell.xib; sourceTree = "<group>"; };
		7010F39D1EA8A317002CD908 /* WBStatusViewModel.swift */ = {isa = PBXFileReference; fileEncoding = 4; lastKnownFileType = sourcecode.swift; path = WBStatusViewModel.swift; sourceTree = "<group>"; };
		7010F3A01EA8E87C002CD908 /* UIImageView+WebImage.swift */ = {isa = PBXFileReference; fileEncoding = 4; lastKnownFileType = sourcecode.swift; path = "UIImageView+WebImage.swift"; sourceTree = "<group>"; };
		7010F3A21EA8E88F002CD908 /* Kingfisher.framework */ = {isa = PBXFileReference; lastKnownFileType = wrapper.framework; name = Kingfisher.framework; path = "../../Library/Developer/Xcode/DerivedData/SoolyWB-ehxhvzevwpkzguhjosfmfvubkqhf/Build/Products/Debug-iphonesimulator/Kingfisher/Kingfisher.framework"; sourceTree = "<group>"; };
		7010F3A41EA8EE4B002CD908 /* UIColor+HexString.swift */ = {isa = PBXFileReference; fileEncoding = 4; lastKnownFileType = sourcecode.swift; path = "UIColor+HexString.swift"; sourceTree = "<group>"; };
		70879B321EA5B50C008F9A02 /* SoolyWB.app */ = {isa = PBXFileReference; explicitFileType = wrapper.application; includeInIndex = 0; path = SoolyWB.app; sourceTree = BUILT_PRODUCTS_DIR; };
		70879B351EA5B50C008F9A02 /* AppDelegate.swift */ = {isa = PBXFileReference; lastKnownFileType = sourcecode.swift; path = AppDelegate.swift; sourceTree = "<group>"; };
		70879B3A1EA5B50C008F9A02 /* Base */ = {isa = PBXFileReference; lastKnownFileType = file.storyboard; name = Base; path = Base.lproj/Main.storyboard; sourceTree = "<group>"; };
		70879B3C1EA5B50C008F9A02 /* Assets.xcassets */ = {isa = PBXFileReference; lastKnownFileType = folder.assetcatalog; path = Assets.xcassets; sourceTree = "<group>"; };
		70879B3F1EA5B50C008F9A02 /* Base */ = {isa = PBXFileReference; lastKnownFileType = file.storyboard; name = Base; path = Base.lproj/LaunchScreen.storyboard; sourceTree = "<group>"; };
		70879B411EA5B50C008F9A02 /* Info.plist */ = {isa = PBXFileReference; lastKnownFileType = text.plist.xml; path = Info.plist; sourceTree = "<group>"; };
		70879B461EA5B50C008F9A02 /* SoolyWBTests.xctest */ = {isa = PBXFileReference; explicitFileType = wrapper.cfbundle; includeInIndex = 0; path = SoolyWBTests.xctest; sourceTree = BUILT_PRODUCTS_DIR; };
		70879B4A1EA5B50C008F9A02 /* SoolyWBTests.swift */ = {isa = PBXFileReference; lastKnownFileType = sourcecode.swift; path = SoolyWBTests.swift; sourceTree = "<group>"; };
		70879B4C1EA5B50C008F9A02 /* Info.plist */ = {isa = PBXFileReference; lastKnownFileType = text.plist.xml; path = Info.plist; sourceTree = "<group>"; };
		70879B511EA5B50C008F9A02 /* SoolyWBUITests.xctest */ = {isa = PBXFileReference; explicitFileType = wrapper.cfbundle; includeInIndex = 0; path = SoolyWBUITests.xctest; sourceTree = BUILT_PRODUCTS_DIR; };
		70879B551EA5B50C008F9A02 /* SoolyWBUITests.swift */ = {isa = PBXFileReference; lastKnownFileType = sourcecode.swift; path = SoolyWBUITests.swift; sourceTree = "<group>"; };
		70879B571EA5B50D008F9A02 /* Info.plist */ = {isa = PBXFileReference; lastKnownFileType = text.plist.xml; path = Info.plist; sourceTree = "<group>"; };
		70879B651EA5C8B3008F9A02 /* ESTabBarController_swift.framework */ = {isa = PBXFileReference; lastKnownFileType = wrapper.framework; name = ESTabBarController_swift.framework; path = "../../Library/Developer/Xcode/DerivedData/SoolyWB-ehxhvzevwpkzguhjosfmfvubkqhf/Build/Products/Debug-iphonesimulator/ESTabBarController-swift/ESTabBarController_swift.framework"; sourceTree = "<group>"; };
		70879B7A1EA5E0AD008F9A02 /* BasicViewController.swift */ = {isa = PBXFileReference; fileEncoding = 4; lastKnownFileType = sourcecode.swift; path = BasicViewController.swift; sourceTree = "<group>"; };
		70879B7B1EA5E0AD008F9A02 /* MainViewController.swift */ = {isa = PBXFileReference; fileEncoding = 4; lastKnownFileType = sourcecode.swift; path = MainViewController.swift; sourceTree = "<group>"; };
		70879B7C1EA5E0AD008F9A02 /* WBNavigationController.swift */ = {isa = PBXFileReference; fileEncoding = 4; lastKnownFileType = sourcecode.swift; path = WBNavigationController.swift; sourceTree = "<group>"; };
		70879B7D1EA5E0AD008F9A02 /* WBTabBarItemContentView.swift */ = {isa = PBXFileReference; fileEncoding = 4; lastKnownFileType = sourcecode.swift; path = WBTabBarItemContentView.swift; sourceTree = "<group>"; };
		70879B8C1EA61B40008F9A02 /* Alamofire.framework */ = {isa = PBXFileReference; lastKnownFileType = wrapper.framework; name = Alamofire.framework; path = "../../Library/Developer/Xcode/DerivedData/SoolyWB-ehxhvzevwpkzguhjosfmfvubkqhf/Build/Products/Debug-iphonesimulator/Alamofire/Alamofire.framework"; sourceTree = "<group>"; };
		70879B911EA61CD5008F9A02 /* HomeViewController.swift */ = {isa = PBXFileReference; fileEncoding = 4; lastKnownFileType = sourcecode.swift; path = HomeViewController.swift; sourceTree = "<group>"; };
		70879B981EA61D1A008F9A02 /* NetWorkManager.swift */ = {isa = PBXFileReference; fileEncoding = 4; lastKnownFileType = sourcecode.swift; path = NetWorkManager.swift; sourceTree = "<group>"; };
		70879B9B1EA61D7F008F9A02 /* Header.swift */ = {isa = PBXFileReference; fileEncoding = 4; lastKnownFileType = sourcecode.swift; path = Header.swift; sourceTree = "<group>"; };
		70879B9D1EA61EE2008F9A02 /* LoginViewController.swift */ = {isa = PBXFileReference; fileEncoding = 4; lastKnownFileType = sourcecode.swift; path = LoginViewController.swift; sourceTree = "<group>"; };
		70879B9F1EA640E4008F9A02 /* WBUserAccount.swift */ = {isa = PBXFileReference; fileEncoding = 4; lastKnownFileType = sourcecode.swift; path = WBUserAccount.swift; sourceTree = "<group>"; };
		70A4E6E91EA65BB600CF9E74 /* WBStatus.swift */ = {isa = PBXFileReference; fileEncoding = 4; lastKnownFileType = sourcecode.swift; path = WBStatus.swift; sourceTree = "<group>"; };
		75EA7C6DCC8B2806118E110C /* Pods-SoolyWBUITests.release.xcconfig */ = {isa = PBXFileReference; includeInIndex = 1; lastKnownFileType = text.xcconfig; name = "Pods-SoolyWBUITests.release.xcconfig"; path = "Pods/Target Support Files/Pods-SoolyWBUITests/Pods-SoolyWBUITests.release.xcconfig"; sourceTree = "<group>"; };
		863261F819D4D403EFEC9BE7 /* Pods_SoolyWBTests.framework */ = {isa = PBXFileReference; explicitFileType = wrapper.framework; includeInIndex = 0; path = Pods_SoolyWBTests.framework; sourceTree = BUILT_PRODUCTS_DIR; };
		9F7E5CADC7C951B15D25E317 /* Pods_SoolyWB.framework */ = {isa = PBXFileReference; explicitFileType = wrapper.framework; includeInIndex = 0; path = Pods_SoolyWB.framework; sourceTree = BUILT_PRODUCTS_DIR; };
		D47ADFF5E74F5C3E99B27798 /* Pods-SoolyWBTests.release.xcconfig */ = {isa = PBXFileReference; includeInIndex = 1; lastKnownFileType = text.xcconfig; name = "Pods-SoolyWBTests.release.xcconfig"; path = "Pods/Target Support Files/Pods-SoolyWBTests/Pods-SoolyWBTests.release.xcconfig"; sourceTree = "<group>"; };
/* End PBXFileReference section */

/* Begin PBXFrameworksBuildPhase section */
		70879B2F1EA5B50C008F9A02 /* Frameworks */ = {
			isa = PBXFrameworksBuildPhase;
			buildActionMask = 2147483647;
			files = (
				7010F3A31EA8E88F002CD908 /* Kingfisher.framework in Frameworks */,
				70879B8D1EA61B40008F9A02 /* Alamofire.framework in Frameworks */,
				70879B661EA5C8B3008F9A02 /* ESTabBarController_swift.framework in Frameworks */,
				E768E3A642308D056FB18867 /* Pods_SoolyWB.framework in Frameworks */,
			);
			runOnlyForDeploymentPostprocessing = 0;
		};
		70879B431EA5B50C008F9A02 /* Frameworks */ = {
			isa = PBXFrameworksBuildPhase;
			buildActionMask = 2147483647;
			files = (
				D915DF9E8138604855B3762C /* Pods_SoolyWBTests.framework in Frameworks */,
			);
			runOnlyForDeploymentPostprocessing = 0;
		};
		70879B4E1EA5B50C008F9A02 /* Frameworks */ = {
			isa = PBXFrameworksBuildPhase;
			buildActionMask = 2147483647;
			files = (
				6F9EF40505D5185FA2AC64BB /* Pods_SoolyWBUITests.framework in Frameworks */,
			);
			runOnlyForDeploymentPostprocessing = 0;
		};
/* End PBXFrameworksBuildPhase section */

/* Begin PBXGroup section */
		63618B4C2B25864015762953 /* Frameworks */ = {
			isa = PBXGroup;
			children = (
				7010F3A21EA8E88F002CD908 /* Kingfisher.framework */,
				70879B8C1EA61B40008F9A02 /* Alamofire.framework */,
				70879B651EA5C8B3008F9A02 /* ESTabBarController_swift.framework */,
				9F7E5CADC7C951B15D25E317 /* Pods_SoolyWB.framework */,
				863261F819D4D403EFEC9BE7 /* Pods_SoolyWBTests.framework */,
				1D67B68B25221059B7D5FE21 /* Pods_SoolyWBUITests.framework */,
			);
			name = Frameworks;
			sourceTree = "<group>";
		};
		7010F3971EA89542002CD908 /* cell */ = {
			isa = PBXGroup;
			children = (
				7010F3981EA89577002CD908 /* StatusTableViewCell.swift */,
				7010F3991EA89577002CD908 /* StatusTableViewCell.xib */,
			);
			path = cell;
			sourceTree = "<group>";
		};
		7010F39C1EA8A2FF002CD908 /* ViewModel */ = {
			isa = PBXGroup;
			children = (
				7010F39D1EA8A317002CD908 /* WBStatusViewModel.swift */,
			);
			path = ViewModel;
			sourceTree = "<group>";
		};
		7010F39F1EA8E860002CD908 /* extentions(拓展) */ = {
			isa = PBXGroup;
			children = (
				7010F3A01EA8E87C002CD908 /* UIImageView+WebImage.swift */,
				7010F3A41EA8EE4B002CD908 /* UIColor+HexString.swift */,
			);
			name = "extentions(拓展)";
			path = extentions;
			sourceTree = "<group>";
		};
		70879B291EA5B50C008F9A02 = {
			isa = PBXGroup;
			children = (
				70879B341EA5B50C008F9A02 /* SoolyWB */,
				70879B491EA5B50C008F9A02 /* SoolyWBTests */,
				70879B541EA5B50C008F9A02 /* SoolyWBUITests */,
				70879B331EA5B50C008F9A02 /* Products */,
				CBE0B260E147E33764D16C4A /* Pods */,
				63618B4C2B25864015762953 /* Frameworks */,
			);
			sourceTree = "<group>";
		};
		70879B331EA5B50C008F9A02 /* Products */ = {
			isa = PBXGroup;
			children = (
				70879B321EA5B50C008F9A02 /* SoolyWB.app */,
				70879B461EA5B50C008F9A02 /* SoolyWBTests.xctest */,
				70879B511EA5B50C008F9A02 /* SoolyWBUITests.xctest */,
			);
			name = Products;
			sourceTree = "<group>";
		};
		70879B341EA5B50C008F9A02 /* SoolyWB */ = {
			isa = PBXGroup;
			children = (
				70879B791EA5E0AD008F9A02 /* Main */,
				70879B901EA61CD5008F9A02 /* Home(主页) */,
				70879B931EA61CE9008F9A02 /* Message */,
				70879B941EA61D02008F9A02 /* Discover */,
				70879B951EA61D0B008F9A02 /* Profile */,
				70879B9A1EA61D22008F9A02 /* Model */,
				7010F39C1EA8A2FF002CD908 /* ViewModel */,
				70879B961EA61D12008F9A02 /* Other */,
				70879B971EA61D1A008F9A02 /* Tools(工具) */,
				70879B351EA5B50C008F9A02 /* AppDelegate.swift */,
				70879B391EA5B50C008F9A02 /* Main.storyboard */,
				70879B3C1EA5B50C008F9A02 /* Assets.xcassets */,
				70879B3E1EA5B50C008F9A02 /* LaunchScreen.storyboard */,
				70879B411EA5B50C008F9A02 /* Info.plist */,
			);
			path = SoolyWB;
			sourceTree = "<group>";
		};
		70879B491EA5B50C008F9A02 /* SoolyWBTests */ = {
			isa = PBXGroup;
			children = (
				70879B4A1EA5B50C008F9A02 /* SoolyWBTests.swift */,
				70879B4C1EA5B50C008F9A02 /* Info.plist */,
			);
			path = SoolyWBTests;
			sourceTree = "<group>";
		};
		70879B541EA5B50C008F9A02 /* SoolyWBUITests */ = {
			isa = PBXGroup;
			children = (
				70879B551EA5B50C008F9A02 /* SoolyWBUITests.swift */,
				70879B571EA5B50D008F9A02 /* Info.plist */,
			);
			path = SoolyWBUITests;
			sourceTree = "<group>";
		};
		70879B791EA5E0AD008F9A02 /* Main */ = {
			isa = PBXGroup;
			children = (
				70879B821EA61450008F9A02 /* TabBar */,
				70879B7A1EA5E0AD008F9A02 /* BasicViewController.swift */,
				70879B7C1EA5E0AD008F9A02 /* WBNavigationController.swift */,
				70879B9D1EA61EE2008F9A02 /* LoginViewController.swift */,
			);
			path = Main;
			sourceTree = "<group>";
		};
		70879B821EA61450008F9A02 /* TabBar */ = {
			isa = PBXGroup;
			children = (
				70879B7B1EA5E0AD008F9A02 /* MainViewController.swift */,
				70879B7D1EA5E0AD008F9A02 /* WBTabBarItemContentView.swift */,
			);
			name = TabBar;
			sourceTree = "<group>";
		};
		70879B901EA61CD5008F9A02 /* Home(主页) */ = {
			isa = PBXGroup;
			children = (
				7010F3971EA89542002CD908 /* cell */,
				70879B911EA61CD5008F9A02 /* HomeViewController.swift */,
			);
			name = "Home(主页)";
			path = Home;
			sourceTree = "<group>";
		};
		70879B931EA61CE9008F9A02 /* Message */ = {
			isa = PBXGroup;
			children = (
			);
			path = Message;
			sourceTree = "<group>";
		};
		70879B941EA61D02008F9A02 /* Discover */ = {
			isa = PBXGroup;
			children = (
			);
			path = Discover;
			sourceTree = "<group>";
		};
		70879B951EA61D0B008F9A02 /* Profile */ = {
			isa = PBXGroup;
			children = (
			);
			path = Profile;
			sourceTree = "<group>";
		};
		70879B961EA61D12008F9A02 /* Other */ = {
			isa = PBXGroup;
			children = (
				70879B9B1EA61D7F008F9A02 /* Header.swift */,
			);
			path = Other;
			sourceTree = "<group>";
		};
		70879B971EA61D1A008F9A02 /* Tools(工具) */ = {
			isa = PBXGroup;
			children = (
				7010F39F1EA8E860002CD908 /* extentions(拓展) */,
				70879B981EA61D1A008F9A02 /* NetWorkManager.swift */,
				7010F3931EA88A0C002CD908 /* PullUpView.swift */,
				7010F3951EA88A19002CD908 /* PullUpView.xib */,
			);
			name = "Tools(工具)";
			path = Tools;
			sourceTree = "<group>";
		};
		70879B9A1EA61D22008F9A02 /* Model */ = {
			isa = PBXGroup;
			children = (
				70879B9F1EA640E4008F9A02 /* WBUserAccount.swift */,
				70A4E6E91EA65BB600CF9E74 /* WBStatus.swift */,
			);
			path = Model;
			sourceTree = "<group>";
		};
		CBE0B260E147E33764D16C4A /* Pods */ = {
			isa = PBXGroup;
			children = (
				38AB30E31D53F1860EB58E96 /* Pods-SoolyWB.debug.xcconfig */,
				0CFBF8DC40474B544B23BFA4 /* Pods-SoolyWB.release.xcconfig */,
				37490CCB9E1E06A1CAAB640C /* Pods-SoolyWBTests.debug.xcconfig */,
				D47ADFF5E74F5C3E99B27798 /* Pods-SoolyWBTests.release.xcconfig */,
				22CA91AA57FA3D4B530EB232 /* Pods-SoolyWBUITests.debug.xcconfig */,
				75EA7C6DCC8B2806118E110C /* Pods-SoolyWBUITests.release.xcconfig */,
			);
			name = Pods;
			sourceTree = "<group>";
		};
/* End PBXGroup section */

/* Begin PBXNativeTarget section */
		70879B311EA5B50C008F9A02 /* SoolyWB */ = {
			isa = PBXNativeTarget;
			buildConfigurationList = 70879B5A1EA5B50D008F9A02 /* Build configuration list for PBXNativeTarget "SoolyWB" */;
			buildPhases = (
				1CE374EDB99D608C41EC5725 /* [CP] Check Pods Manifest.lock */,
				70879B2E1EA5B50C008F9A02 /* Sources */,
				70879B2F1EA5B50C008F9A02 /* Frameworks */,
				70879B301EA5B50C008F9A02 /* Resources */,
				7749F18F2156C599E746B361 /* [CP] Embed Pods Frameworks */,
				E22091EE1ED3DD2C4B1B6FEB /* [CP] Copy Pods Resources */,
			);
			buildRules = (
			);
			dependencies = (
			);
			name = SoolyWB;
			productName = SoolyWB;
			productReference = 70879B321EA5B50C008F9A02 /* SoolyWB.app */;
			productType = "com.apple.product-type.application";
		};
		70879B451EA5B50C008F9A02 /* SoolyWBTests */ = {
			isa = PBXNativeTarget;
			buildConfigurationList = 70879B5D1EA5B50D008F9A02 /* Build configuration list for PBXNativeTarget "SoolyWBTests" */;
			buildPhases = (
				B1EE263753B0AC3941CD0D23 /* [CP] Check Pods Manifest.lock */,
				70879B421EA5B50C008F9A02 /* Sources */,
				70879B431EA5B50C008F9A02 /* Frameworks */,
				70879B441EA5B50C008F9A02 /* Resources */,
				C53B8A2D455ED067FC8EFB05 /* [CP] Embed Pods Frameworks */,
				A9209D89A91642E5B076848C /* [CP] Copy Pods Resources */,
			);
			buildRules = (
			);
			dependencies = (
				70879B481EA5B50C008F9A02 /* PBXTargetDependency */,
			);
			name = SoolyWBTests;
			productName = SoolyWBTests;
			productReference = 70879B461EA5B50C008F9A02 /* SoolyWBTests.xctest */;
			productType = "com.apple.product-type.bundle.unit-test";
		};
		70879B501EA5B50C008F9A02 /* SoolyWBUITests */ = {
			isa = PBXNativeTarget;
			buildConfigurationList = 70879B601EA5B50D008F9A02 /* Build configuration list for PBXNativeTarget "SoolyWBUITests" */;
			buildPhases = (
				6831692C971EF32F9C016953 /* [CP] Check Pods Manifest.lock */,
				70879B4D1EA5B50C008F9A02 /* Sources */,
				70879B4E1EA5B50C008F9A02 /* Frameworks */,
				70879B4F1EA5B50C008F9A02 /* Resources */,
				FF4CDA899F14D404E5810453 /* [CP] Embed Pods Frameworks */,
				DE22833AEB5366BC6553CFCA /* [CP] Copy Pods Resources */,
			);
			buildRules = (
			);
			dependencies = (
				70879B531EA5B50C008F9A02 /* PBXTargetDependency */,
			);
			name = SoolyWBUITests;
			productName = SoolyWBUITests;
			productReference = 70879B511EA5B50C008F9A02 /* SoolyWBUITests.xctest */;
			productType = "com.apple.product-type.bundle.ui-testing";
		};
/* End PBXNativeTarget section */

/* Begin PBXProject section */
		70879B2A1EA5B50C008F9A02 /* Project object */ = {
			isa = PBXProject;
			attributes = {
				LastSwiftUpdateCheck = 0830;
				LastUpgradeCheck = 0830;
				ORGANIZATIONNAME = SoolyChristina;
				TargetAttributes = {
					70879B311EA5B50C008F9A02 = {
						CreatedOnToolsVersion = 8.3.1;
						DevelopmentTeam = 7523YW79F8;
						ProvisioningStyle = Automatic;
					};
					70879B451EA5B50C008F9A02 = {
						CreatedOnToolsVersion = 8.3.1;
						DevelopmentTeam = 7523YW79F8;
						ProvisioningStyle = Automatic;
						TestTargetID = 70879B311EA5B50C008F9A02;
					};
					70879B501EA5B50C008F9A02 = {
						CreatedOnToolsVersion = 8.3.1;
						DevelopmentTeam = 7523YW79F8;
						ProvisioningStyle = Automatic;
						TestTargetID = 70879B311EA5B50C008F9A02;
					};
				};
			};
			buildConfigurationList = 70879B2D1EA5B50C008F9A02 /* Build configuration list for PBXProject "SoolyWB" */;
			compatibilityVersion = "Xcode 3.2";
			developmentRegion = English;
			hasScannedForEncodings = 0;
			knownRegions = (
				en,
				Base,
			);
			mainGroup = 70879B291EA5B50C008F9A02;
			productRefGroup = 70879B331EA5B50C008F9A02 /* Products */;
			projectDirPath = "";
			projectRoot = "";
			targets = (
				70879B311EA5B50C008F9A02 /* SoolyWB */,
				70879B451EA5B50C008F9A02 /* SoolyWBTests */,
				70879B501EA5B50C008F9A02 /* SoolyWBUITests */,
			);
		};
/* End PBXProject section */

/* Begin PBXResourcesBuildPhase section */
		70879B301EA5B50C008F9A02 /* Resources */ = {
			isa = PBXResourcesBuildPhase;
			buildActionMask = 2147483647;
			files = (
				7010F3961EA88A19002CD908 /* PullUpView.xib in Resources */,
				7010F39B1EA89577002CD908 /* StatusTableViewCell.xib in Resources */,
				70879B401EA5B50C008F9A02 /* LaunchScreen.storyboard in Resources */,
				70879B3D1EA5B50C008F9A02 /* Assets.xcassets in Resources */,
				70879B3B1EA5B50C008F9A02 /* Main.storyboard in Resources */,
			);
			runOnlyForDeploymentPostprocessing = 0;
		};
		70879B441EA5B50C008F9A02 /* Resources */ = {
			isa = PBXResourcesBuildPhase;
			buildActionMask = 2147483647;
			files = (
			);
			runOnlyForDeploymentPostprocessing = 0;
		};
		70879B4F1EA5B50C008F9A02 /* Resources */ = {
			isa = PBXResourcesBuildPhase;
			buildActionMask = 2147483647;
			files = (
			);
			runOnlyForDeploymentPostprocessing = 0;
		};
/* End PBXResourcesBuildPhase section */

/* Begin PBXShellScriptBuildPhase section */
		1CE374EDB99D608C41EC5725 /* [CP] Check Pods Manifest.lock */ = {
			isa = PBXShellScriptBuildPhase;
			buildActionMask = 2147483647;
			files = (
			);
			inputPaths = (
			);
			name = "[CP] Check Pods Manifest.lock";
			outputPaths = (
			);
			runOnlyForDeploymentPostprocessing = 0;
			shellPath = /bin/sh;
			shellScript = "diff \"${PODS_ROOT}/../Podfile.lock\" \"${PODS_ROOT}/Manifest.lock\" > /dev/null\nif [ $? != 0 ] ; then\n    # print error to STDERR\n    echo \"error: The sandbox is not in sync with the Podfile.lock. Run 'pod install' or update your CocoaPods installation.\" >&2\n    exit 1\nfi\n";
			showEnvVarsInLog = 0;
		};
		6831692C971EF32F9C016953 /* [CP] Check Pods Manifest.lock */ = {
			isa = PBXShellScriptBuildPhase;
			buildActionMask = 2147483647;
			files = (
			);
			inputPaths = (
			);
			name = "[CP] Check Pods Manifest.lock";
			outputPaths = (
			);
			runOnlyForDeploymentPostprocessing = 0;
			shellPath = /bin/sh;
			shellScript = "diff \"${PODS_ROOT}/../Podfile.lock\" \"${PODS_ROOT}/Manifest.lock\" > /dev/null\nif [ $? != 0 ] ; then\n    # print error to STDERR\n    echo \"error: The sandbox is not in sync with the Podfile.lock. Run 'pod install' or update your CocoaPods installation.\" >&2\n    exit 1\nfi\n";
			showEnvVarsInLog = 0;
		};
		7749F18F2156C599E746B361 /* [CP] Embed Pods Frameworks */ = {
			isa = PBXShellScriptBuildPhase;
			buildActionMask = 2147483647;
			files = (
			);
			inputPaths = (
			);
			name = "[CP] Embed Pods Frameworks";
			outputPaths = (
			);
			runOnlyForDeploymentPostprocessing = 0;
			shellPath = /bin/sh;
			shellScript = "\"${SRCROOT}/Pods/Target Support Files/Pods-SoolyWB/Pods-SoolyWB-frameworks.sh\"\n";
			showEnvVarsInLog = 0;
		};
		A9209D89A91642E5B076848C /* [CP] Copy Pods Resources */ = {
			isa = PBXShellScriptBuildPhase;
			buildActionMask = 2147483647;
			files = (
			);
			inputPaths = (
			);
			name = "[CP] Copy Pods Resources";
			outputPaths = (
			);
			runOnlyForDeploymentPostprocessing = 0;
			shellPath = /bin/sh;
			shellScript = "\"${SRCROOT}/Pods/Target Support Files/Pods-SoolyWBTests/Pods-SoolyWBTests-resources.sh\"\n";
			showEnvVarsInLog = 0;
		};
		B1EE263753B0AC3941CD0D23 /* [CP] Check Pods Manifest.lock */ = {
			isa = PBXShellScriptBuildPhase;
			buildActionMask = 2147483647;
			files = (
			);
			inputPaths = (
			);
			name = "[CP] Check Pods Manifest.lock";
			outputPaths = (
			);
			runOnlyForDeploymentPostprocessing = 0;
			shellPath = /bin/sh;
			shellScript = "diff \"${PODS_ROOT}/../Podfile.lock\" \"${PODS_ROOT}/Manifest.lock\" > /dev/null\nif [ $? != 0 ] ; then\n    # print error to STDERR\n    echo \"error: The sandbox is not in sync with the Podfile.lock. Run 'pod install' or update your CocoaPods installation.\" >&2\n    exit 1\nfi\n";
			showEnvVarsInLog = 0;
		};
		C53B8A2D455ED067FC8EFB05 /* [CP] Embed Pods Frameworks */ = {
			isa = PBXShellScriptBuildPhase;
			buildActionMask = 2147483647;
			files = (
			);
			inputPaths = (
			);
			name = "[CP] Embed Pods Frameworks";
			outputPaths = (
			);
			runOnlyForDeploymentPostprocessing = 0;
			shellPath = /bin/sh;
			shellScript = "\"${SRCROOT}/Pods/Target Support Files/Pods-SoolyWBTests/Pods-SoolyWBTests-frameworks.sh\"\n";
			showEnvVarsInLog = 0;
		};
		DE22833AEB5366BC6553CFCA /* [CP] Copy Pods Resources */ = {
			isa = PBXShellScriptBuildPhase;
			buildActionMask = 2147483647;
			files = (
			);
			inputPaths = (
			);
			name = "[CP] Copy Pods Resources";
			outputPaths = (
			);
			runOnlyForDeploymentPostprocessing = 0;
			shellPath = /bin/sh;
			shellScript = "\"${SRCROOT}/Pods/Target Support Files/Pods-SoolyWBUITests/Pods-SoolyWBUITests-resources.sh\"\n";
			showEnvVarsInLog = 0;
		};
		E22091EE1ED3DD2C4B1B6FEB /* [CP] Copy Pods Resources */ = {
			isa = PBXShellScriptBuildPhase;
			buildActionMask = 2147483647;
			files = (
			);
			inputPaths = (
			);
			name = "[CP] Copy Pods Resources";
			outputPaths = (
			);
			runOnlyForDeploymentPostprocessing = 0;
			shellPath = /bin/sh;
			shellScript = "\"${SRCROOT}/Pods/Target Support Files/Pods-SoolyWB/Pods-SoolyWB-resources.sh\"\n";
			showEnvVarsInLog = 0;
		};
		FF4CDA899F14D404E5810453 /* [CP] Embed Pods Frameworks */ = {
			isa = PBXShellScriptBuildPhase;
			buildActionMask = 2147483647;
			files = (
			);
			inputPaths = (
			);
			name = "[CP] Embed Pods Frameworks";
			outputPaths = (
			);
			runOnlyForDeploymentPostprocessing = 0;
			shellPath = /bin/sh;
			shellScript = "\"${SRCROOT}/Pods/Target Support Files/Pods-SoolyWBUITests/Pods-SoolyWBUITests-frameworks.sh\"\n";
			showEnvVarsInLog = 0;
		};
/* End PBXShellScriptBuildPhase section */

/* Begin PBXSourcesBuildPhase section */
		70879B2E1EA5B50C008F9A02 /* Sources */ = {
			isa = PBXSourcesBuildPhase;
			buildActionMask = 2147483647;
			files = (
				70879B9E1EA61EE2008F9A02 /* LoginViewController.swift in Sources */,
				7010F3A11EA8E87C002CD908 /* UIImageView+WebImage.swift in Sources */,
				70879B9C1EA61D7F008F9A02 /* Header.swift in Sources */,
				70879B7E1EA5E0AD008F9A02 /* BasicViewController.swift in Sources */,
				70879B801EA5E0AD008F9A02 /* WBNavigationController.swift in Sources */,
				70879B361EA5B50C008F9A02 /* AppDelegate.swift in Sources */,
				7010F3A51EA8EE4B002CD908 /* UIColor+HexString.swift in Sources */,
				7010F39E1EA8A317002CD908 /* WBStatusViewModel.swift in Sources */,
				70879B7F1EA5E0AD008F9A02 /* MainViewController.swift in Sources */,
				70879B991EA61D1A008F9A02 /* NetWorkManager.swift in Sources */,
				70A4E6EA1EA65BB600CF9E74 /* WBStatus.swift in Sources */,
				7010F3941EA88A0C002CD908 /* PullUpView.swift in Sources */,
				7010F39A1EA89577002CD908 /* StatusTableViewCell.swift in Sources */,
				70879B811EA5E0AD008F9A02 /* WBTabBarItemContentView.swift in Sources */,
				70879B921EA61CD5008F9A02 /* HomeViewController.swift in Sources */,
				70879BA01EA640E4008F9A02 /* WBUserAccount.swift in Sources */,
			);
			runOnlyForDeploymentPostprocessing = 0;
		};
		70879B421EA5B50C008F9A02 /* Sources */ = {
			isa = PBXSourcesBuildPhase;
			buildActionMask = 2147483647;
			files = (
				70879B4B1EA5B50C008F9A02 /* SoolyWBTests.swift in Sources */,
			);
			runOnlyForDeploymentPostprocessing = 0;
		};
		70879B4D1EA5B50C008F9A02 /* Sources */ = {
			isa = PBXSourcesBuildPhase;
			buildActionMask = 2147483647;
			files = (
				70879B561EA5B50C008F9A02 /* SoolyWBUITests.swift in Sources */,
			);
			runOnlyForDeploymentPostprocessing = 0;
		};
/* End PBXSourcesBuildPhase section */

/* Begin PBXTargetDependency section */
		70879B481EA5B50C008F9A02 /* PBXTargetDependency */ = {
			isa = PBXTargetDependency;
			target = 70879B311EA5B50C008F9A02 /* SoolyWB */;
			targetProxy = 70879B471EA5B50C008F9A02 /* PBXContainerItemProxy */;
		};
		70879B531EA5B50C008F9A02 /* PBXTargetDependency */ = {
			isa = PBXTargetDependency;
			target = 70879B311EA5B50C008F9A02 /* SoolyWB */;
			targetProxy = 70879B521EA5B50C008F9A02 /* PBXContainerItemProxy */;
		};
/* End PBXTargetDependency section */

/* Begin PBXVariantGroup section */
		70879B391EA5B50C008F9A02 /* Main.storyboard */ = {
			isa = PBXVariantGroup;
			children = (
				70879B3A1EA5B50C008F9A02 /* Base */,
			);
			name = Main.storyboard;
			sourceTree = "<group>";
		};
		70879B3E1EA5B50C008F9A02 /* LaunchScreen.storyboard */ = {
			isa = PBXVariantGroup;
			children = (
				70879B3F1EA5B50C008F9A02 /* Base */,
			);
			name = LaunchScreen.storyboard;
			sourceTree = "<group>";
		};
/* End PBXVariantGroup section */

/* Begin XCBuildConfiguration section */
		70879B581EA5B50D008F9A02 /* Debug */ = {
			isa = XCBuildConfiguration;
			buildSettings = {
				ALWAYS_SEARCH_USER_PATHS = NO;
				CLANG_ANALYZER_NONNULL = YES;
				CLANG_ANALYZER_NUMBER_OBJECT_CONVERSION = YES_AGGRESSIVE;
				CLANG_CXX_LANGUAGE_STANDARD = "gnu++0x";
				CLANG_CXX_LIBRARY = "libc++";
				CLANG_ENABLE_MODULES = YES;
				CLANG_ENABLE_OBJC_ARC = YES;
				CLANG_WARN_BOOL_CONVERSION = YES;
				CLANG_WARN_CONSTANT_CONVERSION = YES;
				CLANG_WARN_DIRECT_OBJC_ISA_USAGE = YES_ERROR;
				CLANG_WARN_DOCUMENTATION_COMMENTS = YES;
				CLANG_WARN_EMPTY_BODY = YES;
				CLANG_WARN_ENUM_CONVERSION = YES;
				CLANG_WARN_INFINITE_RECURSION = YES;
				CLANG_WARN_INT_CONVERSION = YES;
				CLANG_WARN_OBJC_ROOT_CLASS = YES_ERROR;
				CLANG_WARN_SUSPICIOUS_MOVE = YES;
				CLANG_WARN_UNREACHABLE_CODE = YES;
				CLANG_WARN__DUPLICATE_METHOD_MATCH = YES;
				"CODE_SIGN_IDENTITY[sdk=iphoneos*]" = "iPhone Developer";
				COPY_PHASE_STRIP = NO;
				DEBUG_INFORMATION_FORMAT = dwarf;
				ENABLE_STRICT_OBJC_MSGSEND = YES;
				ENABLE_TESTABILITY = YES;
				GCC_C_LANGUAGE_STANDARD = gnu99;
				GCC_DYNAMIC_NO_PIC = NO;
				GCC_NO_COMMON_BLOCKS = YES;
				GCC_OPTIMIZATION_LEVEL = 0;
				GCC_PREPROCESSOR_DEFINITIONS = (
					"DEBUG=1",
					"$(inherited)",
				);
				GCC_WARN_64_TO_32_BIT_CONVERSION = YES;
				GCC_WARN_ABOUT_RETURN_TYPE = YES_ERROR;
				GCC_WARN_UNDECLARED_SELECTOR = YES;
				GCC_WARN_UNINITIALIZED_AUTOS = YES_AGGRESSIVE;
				GCC_WARN_UNUSED_FUNCTION = YES;
				GCC_WARN_UNUSED_VARIABLE = YES;
				IPHONEOS_DEPLOYMENT_TARGET = 10.3;
				MTL_ENABLE_DEBUG_INFO = YES;
				ONLY_ACTIVE_ARCH = YES;
				SDKROOT = iphoneos;
				SWIFT_ACTIVE_COMPILATION_CONDITIONS = DEBUG;
				SWIFT_OPTIMIZATION_LEVEL = "-Onone";
				TARGETED_DEVICE_FAMILY = "1,2";
			};
			name = Debug;
		};
		70879B591EA5B50D008F9A02 /* Release */ = {
			isa = XCBuildConfiguration;
			buildSettings = {
				ALWAYS_SEARCH_USER_PATHS = NO;
				CLANG_ANALYZER_NONNULL = YES;
				CLANG_ANALYZER_NUMBER_OBJECT_CONVERSION = YES_AGGRESSIVE;
				CLANG_CXX_LANGUAGE_STANDARD = "gnu++0x";
				CLANG_CXX_LIBRARY = "libc++";
				CLANG_ENABLE_MODULES = YES;
				CLANG_ENABLE_OBJC_ARC = YES;
				CLANG_WARN_BOOL_CONVERSION = YES;
				CLANG_WARN_CONSTANT_CONVERSION = YES;
				CLANG_WARN_DIRECT_OBJC_ISA_USAGE = YES_ERROR;
				CLANG_WARN_DOCUMENTATION_COMMENTS = YES;
				CLANG_WARN_EMPTY_BODY = YES;
				CLANG_WARN_ENUM_CONVERSION = YES;
				CLANG_WARN_INFINITE_RECURSION = YES;
				CLANG_WARN_INT_CONVERSION = YES;
				CLANG_WARN_OBJC_ROOT_CLASS = YES_ERROR;
				CLANG_WARN_SUSPICIOUS_MOVE = YES;
				CLANG_WARN_UNREACHABLE_CODE = YES;
				CLANG_WARN__DUPLICATE_METHOD_MATCH = YES;
				"CODE_SIGN_IDENTITY[sdk=iphoneos*]" = "iPhone Developer";
				COPY_PHASE_STRIP = NO;
				DEBUG_INFORMATION_FORMAT = "dwarf-with-dsym";
				ENABLE_NS_ASSERTIONS = NO;
				ENABLE_STRICT_OBJC_MSGSEND = YES;
				GCC_C_LANGUAGE_STANDARD = gnu99;
				GCC_NO_COMMON_BLOCKS = YES;
				GCC_WARN_64_TO_32_BIT_CONVERSION = YES;
				GCC_WARN_ABOUT_RETURN_TYPE = YES_ERROR;
				GCC_WARN_UNDECLARED_SELECTOR = YES;
				GCC_WARN_UNINITIALIZED_AUTOS = YES_AGGRESSIVE;
				GCC_WARN_UNUSED_FUNCTION = YES;
				GCC_WARN_UNUSED_VARIABLE = YES;
				IPHONEOS_DEPLOYMENT_TARGET = 10.3;
				MTL_ENABLE_DEBUG_INFO = NO;
				SDKROOT = iphoneos;
				SWIFT_OPTIMIZATION_LEVEL = "-Owholemodule";
				TARGETED_DEVICE_FAMILY = "1,2";
				VALIDATE_PRODUCT = YES;
			};
			name = Release;
		};
		70879B5B1EA5B50D008F9A02 /* Debug */ = {
			isa = XCBuildConfiguration;
			baseConfigurationReference = 38AB30E31D53F1860EB58E96 /* Pods-SoolyWB.debug.xcconfig */;
			buildSettings = {
				ASSETCATALOG_COMPILER_APPICON_NAME = AppIcon;
				DEVELOPMENT_TEAM = 7523YW79F8;
				INFOPLIST_FILE = SoolyWB/Info.plist;
				LD_RUNPATH_SEARCH_PATHS = "$(inherited) @executable_path/Frameworks";
				PRODUCT_BUNDLE_IDENTIFIER = Sooly.SoolyWB;
				PRODUCT_NAME = "$(TARGET_NAME)";
				SWIFT_VERSION = 3.0;
			};
			name = Debug;
		};
		70879B5C1EA5B50D008F9A02 /* Release */ = {
			isa = XCBuildConfiguration;
			baseConfigurationReference = 0CFBF8DC40474B544B23BFA4 /* Pods-SoolyWB.release.xcconfig */;
			buildSettings = {
				ASSETCATALOG_COMPILER_APPICON_NAME = AppIcon;
				DEVELOPMENT_TEAM = 7523YW79F8;
				INFOPLIST_FILE = SoolyWB/Info.plist;
				LD_RUNPATH_SEARCH_PATHS = "$(inherited) @executable_path/Frameworks";
				PRODUCT_BUNDLE_IDENTIFIER = Sooly.SoolyWB;
				PRODUCT_NAME = "$(TARGET_NAME)";
				SWIFT_VERSION = 3.0;
			};
			name = Release;
		};
		70879B5E1EA5B50D008F9A02 /* Debug */ = {
			isa = XCBuildConfiguration;
			baseConfigurationReference = 37490CCB9E1E06A1CAAB640C /* Pods-SoolyWBTests.debug.xcconfig */;
			buildSettings = {
				ALWAYS_EMBED_SWIFT_STANDARD_LIBRARIES = YES;
				BUNDLE_LOADER = "$(TEST_HOST)";
				DEVELOPMENT_TEAM = 7523YW79F8;
				INFOPLIST_FILE = SoolyWBTests/Info.plist;
				LD_RUNPATH_SEARCH_PATHS = "$(inherited) @executable_path/Frameworks @loader_path/Frameworks";
				PRODUCT_BUNDLE_IDENTIFIER = Sooly.SoolyWBTests;
				PRODUCT_NAME = "$(TARGET_NAME)";
				SWIFT_VERSION = 3.0;
				TEST_HOST = "$(BUILT_PRODUCTS_DIR)/SoolyWB.app/SoolyWB";
			};
			name = Debug;
		};
		70879B5F1EA5B50D008F9A02 /* Release */ = {
			isa = XCBuildConfiguration;
			baseConfigurationReference = D47ADFF5E74F5C3E99B27798 /* Pods-SoolyWBTests.release.xcconfig */;
			buildSettings = {
				ALWAYS_EMBED_SWIFT_STANDARD_LIBRARIES = YES;
				BUNDLE_LOADER = "$(TEST_HOST)";
				DEVELOPMENT_TEAM = 7523YW79F8;
				INFOPLIST_FILE = SoolyWBTests/Info.plist;
				LD_RUNPATH_SEARCH_PATHS = "$(inherited) @executable_path/Frameworks @loader_path/Frameworks";
				PRODUCT_BUNDLE_IDENTIFIER = Sooly.SoolyWBTests;
				PRODUCT_NAME = "$(TARGET_NAME)";
				SWIFT_VERSION = 3.0;
				TEST_HOST = "$(BUILT_PRODUCTS_DIR)/SoolyWB.app/SoolyWB";
			};
			name = Release;
		};
		70879B611EA5B50D008F9A02 /* Debug */ = {
			isa = XCBuildConfiguration;
			baseConfigurationReference = 22CA91AA57FA3D4B530EB232 /* Pods-SoolyWBUITests.debug.xcconfig */;
			buildSettings = {
				ALWAYS_EMBED_SWIFT_STANDARD_LIBRARIES = YES;
				DEVELOPMENT_TEAM = 7523YW79F8;
				INFOPLIST_FILE = SoolyWBUITests/Info.plist;
				LD_RUNPATH_SEARCH_PATHS = "$(inherited) @executable_path/Frameworks @loader_path/Frameworks";
				PRODUCT_BUNDLE_IDENTIFIER = Sooly.SoolyWBUITests;
				PRODUCT_NAME = "$(TARGET_NAME)";
				SWIFT_VERSION = 3.0;
				TEST_TARGET_NAME = SoolyWB;
			};
			name = Debug;
		};
		70879B621EA5B50D008F9A02 /* Release */ = {
			isa = XCBuildConfiguration;
			baseConfigurationReference = 75EA7C6DCC8B2806118E110C /* Pods-SoolyWBUITests.release.xcconfig */;
			buildSettings = {
				ALWAYS_EMBED_SWIFT_STANDARD_LIBRARIES = YES;
				DEVELOPMENT_TEAM = 7523YW79F8;
				INFOPLIST_FILE = SoolyWBUITests/Info.plist;
				LD_RUNPATH_SEARCH_PATHS = "$(inherited) @executable_path/Frameworks @loader_path/Frameworks";
				PRODUCT_BUNDLE_IDENTIFIER = Sooly.SoolyWBUITests;
				PRODUCT_NAME = "$(TARGET_NAME)";
				SWIFT_VERSION = 3.0;
				TEST_TARGET_NAME = SoolyWB;
			};
			name = Release;
		};
/* End XCBuildConfiguration section */

/* Begin XCConfigurationList section */
		70879B2D1EA5B50C008F9A02 /* Build configuration list for PBXProject "SoolyWB" */ = {
			isa = XCConfigurationList;
			buildConfigurations = (
				70879B581EA5B50D008F9A02 /* Debug */,
				70879B591EA5B50D008F9A02 /* Release */,
			);
			defaultConfigurationIsVisible = 0;
			defaultConfigurationName = Release;
		};
		70879B5A1EA5B50D008F9A02 /* Build configuration list for PBXNativeTarget "SoolyWB" */ = {
			isa = XCConfigurationList;
			buildConfigurations = (
				70879B5B1EA5B50D008F9A02 /* Debug */,
				70879B5C1EA5B50D008F9A02 /* Release */,
			);
			defaultConfigurationIsVisible = 0;
			defaultConfigurationName = Release;
		};
		70879B5D1EA5B50D008F9A02 /* Build configuration list for PBXNativeTarget "SoolyWBTests" */ = {
			isa = XCConfigurationList;
			buildConfigurations = (
				70879B5E1EA5B50D008F9A02 /* Debug */,
				70879B5F1EA5B50D008F9A02 /* Release */,
			);
			defaultConfigurationIsVisible = 0;
			defaultConfigurationName = Release;
		};
		70879B601EA5B50D008F9A02 /* Build configuration list for PBXNativeTarget "SoolyWBUITests" */ = {
			isa = XCConfigurationList;
			buildConfigurations = (
				70879B611EA5B50D008F9A02 /* Debug */,
				70879B621EA5B50D008F9A02 /* Release */,
			);
			defaultConfigurationIsVisible = 0;
			defaultConfigurationName = Release;
		};
/* End XCConfigurationList section */
	};
	rootObject = 70879B2A1EA5B50C008F9A02 /* Project object */;
}
